// !$*UTF8*$!
{
	archiveVersion = 1;
	classes = {
	};
	objectVersion = 56;
	objects = {

/* Begin PBXBuildFile section */
		F9CECEAD2CB7C88C003B6388 /* LoginApp.swift in Sources */ = {isa = PBXBuildFile; fileRef = F9CECEAC2CB7C88C003B6388 /* LoginApp.swift */; };
		F9CECEB12CB7C88D003B6388 /* Assets.xcassets in Resources */ = {isa = PBXBuildFile; fileRef = F9CECEB02CB7C88D003B6388 /* Assets.xcassets */; };
		F9CECEB42CB7C88D003B6388 /* Preview Assets.xcassets in Resources */ = {isa = PBXBuildFile; fileRef = F9CECEB32CB7C88D003B6388 /* Preview Assets.xcassets */; };
		F9CECEBE2CB7C88D003B6388 /* LoginTests.swift in Sources */ = {isa = PBXBuildFile; fileRef = F9CECEBD2CB7C88D003B6388 /* LoginTests.swift */; };
		F9CECEC82CB7C88D003B6388 /* LoginUITests.swift in Sources */ = {isa = PBXBuildFile; fileRef = F9CECEC72CB7C88D003B6388 /* LoginUITests.swift */; };
		F9CECECA2CB7C88D003B6388 /* LoginUITestsLaunchTests.swift in Sources */ = {isa = PBXBuildFile; fileRef = F9CECEC92CB7C88D003B6388 /* LoginUITestsLaunchTests.swift */; };
		F9CECED82CB7CA7A003B6388 /* User.swift in Sources */ = {isa = PBXBuildFile; fileRef = F9CECED72CB7CA7A003B6388 /* User.swift */; };
		F9CECEDB2CB7CADA003B6388 /* AuthViewModel.swift in Sources */ = {isa = PBXBuildFile; fileRef = F9CECEDA2CB7CADA003B6388 /* AuthViewModel.swift */; };
		F9CECEDE2CB7CB60003B6388 /* LoginView.swift in Sources */ = {isa = PBXBuildFile; fileRef = F9CECEDD2CB7CB60003B6388 /* LoginView.swift */; };
		F9CECEE02CB7CB96003B6388 /* MainView.swift in Sources */ = {isa = PBXBuildFile; fileRef = F9CECEDF2CB7CB96003B6388 /* MainView.swift */; };
		F9CECEE22CB7CBC7003B6388 /* SignupView.swift in Sources */ = {isa = PBXBuildFile; fileRef = F9CECEE12CB7CBC7003B6388 /* SignupView.swift */; };
		F9CECEE42CB7CC18003B6388 /* MapView.swift in Sources */ = {isa = PBXBuildFile; fileRef = F9CECEE32CB7CC18003B6388 /* MapView.swift */; };
		F9CECEE72CB7D0AC003B6388 /* Theme.swift in Sources */ = {isa = PBXBuildFile; fileRef = F9CECEE62CB7D0AC003B6388 /* Theme.swift */; };
/* End PBXBuildFile section */

/* Begin PBXContainerItemProxy section */
		F9CECEBA2CB7C88D003B6388 /* PBXContainerItemProxy */ = {
			isa = PBXContainerItemProxy;
			containerPortal = F9CECEA12CB7C88C003B6388 /* Project object */;
			proxyType = 1;
			remoteGlobalIDString = F9CECEA82CB7C88C003B6388;
			remoteInfo = Login;
		};
		F9CECEC42CB7C88D003B6388 /* PBXContainerItemProxy */ = {
			isa = PBXContainerItemProxy;
			containerPortal = F9CECEA12CB7C88C003B6388 /* Project object */;
			proxyType = 1;
			remoteGlobalIDString = F9CECEA82CB7C88C003B6388;
			remoteInfo = Login;
		};
/* End PBXContainerItemProxy section */

/* Begin PBXFileReference section */
		F9CECEA92CB7C88C003B6388 /* Login.app */ = {isa = PBXFileReference; explicitFileType = wrapper.application; includeInIndex = 0; path = Login.app; sourceTree = BUILT_PRODUCTS_DIR; };
		F9CECEAC2CB7C88C003B6388 /* LoginApp.swift */ = {isa = PBXFileReference; lastKnownFileType = sourcecode.swift; path = LoginApp.swift; sourceTree = "<group>"; };
		F9CECEB02CB7C88D003B6388 /* Assets.xcassets */ = {isa = PBXFileReference; lastKnownFileType = folder.assetcatalog; path = Assets.xcassets; sourceTree = "<group>"; };
		F9CECEB32CB7C88D003B6388 /* Preview Assets.xcassets */ = {isa = PBXFileReference; lastKnownFileType = folder.assetcatalog; path = "Preview Assets.xcassets"; sourceTree = "<group>"; };
		F9CECEB92CB7C88D003B6388 /* LoginTests.xctest */ = {isa = PBXFileReference; explicitFileType = wrapper.cfbundle; includeInIndex = 0; path = LoginTests.xctest; sourceTree = BUILT_PRODUCTS_DIR; };
		F9CECEBD2CB7C88D003B6388 /* LoginTests.swift */ = {isa = PBXFileReference; lastKnownFileType = sourcecode.swift; path = LoginTests.swift; sourceTree = "<group>"; };
		F9CECEC32CB7C88D003B6388 /* LoginUITests.xctest */ = {isa = PBXFileReference; explicitFileType = wrapper.cfbundle; includeInIndex = 0; path = LoginUITests.xctest; sourceTree = BUILT_PRODUCTS_DIR; };
		F9CECEC72CB7C88D003B6388 /* LoginUITests.swift */ = {isa = PBXFileReference; lastKnownFileType = sourcecode.swift; path = LoginUITests.swift; sourceTree = "<group>"; };
		F9CECEC92CB7C88D003B6388 /* LoginUITestsLaunchTests.swift */ = {isa = PBXFileReference; lastKnownFileType = sourcecode.swift; path = LoginUITestsLaunchTests.swift; sourceTree = "<group>"; };
		F9CECED72CB7CA7A003B6388 /* User.swift */ = {isa = PBXFileReference; lastKnownFileType = sourcecode.swift; path = User.swift; sourceTree = "<group>"; };
		F9CECEDA2CB7CADA003B6388 /* AuthViewModel.swift */ = {isa = PBXFileReference; lastKnownFileType = sourcecode.swift; path = AuthViewModel.swift; sourceTree = "<group>"; };
		F9CECEDD2CB7CB60003B6388 /* LoginView.swift */ = {isa = PBXFileReference; lastKnownFileType = sourcecode.swift; path = LoginView.swift; sourceTree = "<group>"; };
		F9CECEDF2CB7CB96003B6388 /* MainView.swift */ = {isa = PBXFileReference; lastKnownFileType = sourcecode.swift; path = MainView.swift; sourceTree = "<group>"; };
		F9CECEE12CB7CBC7003B6388 /* SignupView.swift */ = {isa = PBXFileReference; lastKnownFileType = sourcecode.swift; path = SignupView.swift; sourceTree = "<group>"; };
		F9CECEE32CB7CC18003B6388 /* MapView.swift */ = {isa = PBXFileReference; lastKnownFileType = sourcecode.swift; path = MapView.swift; sourceTree = "<group>"; };
		F9CECEE62CB7D0AC003B6388 /* Theme.swift */ = {isa = PBXFileReference; lastKnownFileType = sourcecode.swift; path = Theme.swift; sourceTree = "<group>"; };
/* End PBXFileReference section */

/* Begin PBXFrameworksBuildPhase section */
		F9CECEA62CB7C88C003B6388 /* Frameworks */ = {
			isa = PBXFrameworksBuildPhase;
			buildActionMask = 2147483647;
			files = (
			);
			runOnlyForDeploymentPostprocessing = 0;
		};
		F9CECEB62CB7C88D003B6388 /* Frameworks */ = {
			isa = PBXFrameworksBuildPhase;
			buildActionMask = 2147483647;
			files = (
			);
			runOnlyForDeploymentPostprocessing = 0;
		};
		F9CECEC02CB7C88D003B6388 /* Frameworks */ = {
			isa = PBXFrameworksBuildPhase;
			buildActionMask = 2147483647;
			files = (
			);
			runOnlyForDeploymentPostprocessing = 0;
		};
/* End PBXFrameworksBuildPhase section */

/* Begin PBXGroup section */
		F9CECEA02CB7C88C003B6388 = {
			isa = PBXGroup;
			children = (
				F9CECEAB2CB7C88C003B6388 /* Login */,
				F9CECEBC2CB7C88D003B6388 /* LoginTests */,
				F9CECEC62CB7C88D003B6388 /* LoginUITests */,
				F9CECEAA2CB7C88C003B6388 /* Products */,
			);
			sourceTree = "<group>";
		};
		F9CECEAA2CB7C88C003B6388 /* Products */ = {
			isa = PBXGroup;
			children = (
				F9CECEA92CB7C88C003B6388 /* Login.app */,
				F9CECEB92CB7C88D003B6388 /* LoginTests.xctest */,
				F9CECEC32CB7C88D003B6388 /* LoginUITests.xctest */,
			);
			name = Products;
			sourceTree = "<group>";
		};
		F9CECEAB2CB7C88C003B6388 /* Login */ = {
			isa = PBXGroup;
			children = (
				F9CECEE52CB7D07C003B6388 /* Theme */,
				F9CECEDC2CB7CAF1003B6388 /* Views */,
				F9CECED92CB7CABC003B6388 /* ViewModel */,
				F9CECED62CB7CA51003B6388 /* Models */,
				F9CECEAC2CB7C88C003B6388 /* LoginApp.swift */,
				F9CECEB02CB7C88D003B6388 /* Assets.xcassets */,
				F9CECEB22CB7C88D003B6388 /* Preview Content */,
			);
			path = Login;
			sourceTree = "<group>";
		};
		F9CECEB22CB7C88D003B6388 /* Preview Content */ = {
			isa = PBXGroup;
			children = (
				F9CECEB32CB7C88D003B6388 /* Preview Assets.xcassets */,
			);
			path = "Preview Content";
			sourceTree = "<group>";
		};
		F9CECEBC2CB7C88D003B6388 /* LoginTests */ = {
			isa = PBXGroup;
			children = (
				F9CECEBD2CB7C88D003B6388 /* LoginTests.swift */,
			);
			path = LoginTests;
			sourceTree = "<group>";
		};
		F9CECEC62CB7C88D003B6388 /* LoginUITests */ = {
			isa = PBXGroup;
			children = (
				F9CECEC72CB7C88D003B6388 /* LoginUITests.swift */,
				F9CECEC92CB7C88D003B6388 /* LoginUITestsLaunchTests.swift */,
			);
			path = LoginUITests;
			sourceTree = "<group>";
		};
		F9CECED62CB7CA51003B6388 /* Models */ = {
			isa = PBXGroup;
			children = (
				F9CECED72CB7CA7A003B6388 /* User.swift */,
			);
			path = Models;
			sourceTree = "<group>";
		};
		F9CECED92CB7CABC003B6388 /* ViewModel */ = {
			isa = PBXGroup;
			children = (
				F9CECEDA2CB7CADA003B6388 /* AuthViewModel.swift */,
			);
			path = ViewModel;
			sourceTree = "<group>";
		};
		F9CECEDC2CB7CAF1003B6388 /* Views */ = {
			isa = PBXGroup;
			children = (
				F9CECEDD2CB7CB60003B6388 /* LoginView.swift */,
				F9CECEDF2CB7CB96003B6388 /* MainView.swift */,
				F9CECEE12CB7CBC7003B6388 /* SignupView.swift */,
				F9CECEE32CB7CC18003B6388 /* MapView.swift */,
			);
			path = Views;
			sourceTree = "<group>";
		};
		F9CECEE52CB7D07C003B6388 /* Theme */ = {
			isa = PBXGroup;
			children = (
				F9CECEE62CB7D0AC003B6388 /* Theme.swift */,
			);
			path = Theme;
			sourceTree = "<group>";
		};
/* End PBXGroup section */

/* Begin PBXNativeTarget section */
		F9CECEA82CB7C88C003B6388 /* Login */ = {
			isa = PBXNativeTarget;
			buildConfigurationList = F9CECECD2CB7C88D003B6388 /* Build configuration list for PBXNativeTarget "Login" */;
			buildPhases = (
				F9CECEA52CB7C88C003B6388 /* Sources */,
				F9CECEA62CB7C88C003B6388 /* Frameworks */,
				F9CECEA72CB7C88C003B6388 /* Resources */,
			);
			buildRules = (
			);
			dependencies = (
			);
			name = Login;
			productName = Login;
			productReference = F9CECEA92CB7C88C003B6388 /* Login.app */;
			productType = "com.apple.product-type.application";
		};
		F9CECEB82CB7C88D003B6388 /* LoginTests */ = {
			isa = PBXNativeTarget;
			buildConfigurationList = F9CECED02CB7C88D003B6388 /* Build configuration list for PBXNativeTarget "LoginTests" */;
			buildPhases = (
				F9CECEB52CB7C88D003B6388 /* Sources */,
				F9CECEB62CB7C88D003B6388 /* Frameworks */,
				F9CECEB72CB7C88D003B6388 /* Resources */,
			);
			buildRules = (
			);
			dependencies = (
				F9CECEBB2CB7C88D003B6388 /* PBXTargetDependency */,
			);
			name = LoginTests;
			productName = LoginTests;
			productReference = F9CECEB92CB7C88D003B6388 /* LoginTests.xctest */;
			productType = "com.apple.product-type.bundle.unit-test";
		};
		F9CECEC22CB7C88D003B6388 /* LoginUITests */ = {
			isa = PBXNativeTarget;
			buildConfigurationList = F9CECED32CB7C88D003B6388 /* Build configuration list for PBXNativeTarget "LoginUITests" */;
			buildPhases = (
				F9CECEBF2CB7C88D003B6388 /* Sources */,
				F9CECEC02CB7C88D003B6388 /* Frameworks */,
				F9CECEC12CB7C88D003B6388 /* Resources */,
			);
			buildRules = (
			);
			dependencies = (
				F9CECEC52CB7C88D003B6388 /* PBXTargetDependency */,
			);
			name = LoginUITests;
			productName = LoginUITests;
			productReference = F9CECEC32CB7C88D003B6388 /* LoginUITests.xctest */;
			productType = "com.apple.product-type.bundle.ui-testing";
		};
/* End PBXNativeTarget section */

/* Begin PBXProject section */
		F9CECEA12CB7C88C003B6388 /* Project object */ = {
			isa = PBXProject;
			attributes = {
				BuildIndependentTargetsInParallel = 1;
				LastSwiftUpdateCheck = 1540;
				LastUpgradeCheck = 1540;
				TargetAttributes = {
					F9CECEA82CB7C88C003B6388 = {
						CreatedOnToolsVersion = 15.4;
					};
					F9CECEB82CB7C88D003B6388 = {
						CreatedOnToolsVersion = 15.4;
						TestTargetID = F9CECEA82CB7C88C003B6388;
					};
					F9CECEC22CB7C88D003B6388 = {
						CreatedOnToolsVersion = 15.4;
						TestTargetID = F9CECEA82CB7C88C003B6388;
					};
				};
			};
			buildConfigurationList = F9CECEA42CB7C88C003B6388 /* Build configuration list for PBXProject "Login" */;
			compatibilityVersion = "Xcode 14.0";
			developmentRegion = en;
			hasScannedForEncodings = 0;
			knownRegions = (
				en,
				Base,
			);
			mainGroup = F9CECEA02CB7C88C003B6388;
			productRefGroup = F9CECEAA2CB7C88C003B6388 /* Products */;
			projectDirPath = "";
			projectRoot = "";
			targets = (
				F9CECEA82CB7C88C003B6388 /* Login */,
				F9CECEB82CB7C88D003B6388 /* LoginTests */,
				F9CECEC22CB7C88D003B6388 /* LoginUITests */,
			);
		};
/* End PBXProject section */

/* Begin PBXResourcesBuildPhase section */
		F9CECEA72CB7C88C003B6388 /* Resources */ = {
			isa = PBXResourcesBuildPhase;
			buildActionMask = 2147483647;
			files = (
				F9CECEB42CB7C88D003B6388 /* Preview Assets.xcassets in Resources */,
				F9CECEB12CB7C88D003B6388 /* Assets.xcassets in Resources */,
			);
			runOnlyForDeploymentPostprocessing = 0;
		};
		F9CECEB72CB7C88D003B6388 /* Resources */ = {
			isa = PBXResourcesBuildPhase;
			buildActionMask = 2147483647;
			files = (
			);
			runOnlyForDeploymentPostprocessing = 0;
		};
		F9CECEC12CB7C88D003B6388 /* Resources */ = {
			isa = PBXResourcesBuildPhase;
			buildActionMask = 2147483647;
			files = (
			);
			runOnlyForDeploymentPostprocessing = 0;
		};
/* End PBXResourcesBuildPhase section */

/* Begin PBXSourcesBuildPhase section */
		F9CECEA52CB7C88C003B6388 /* Sources */ = {
			isa = PBXSourcesBuildPhase;
			buildActionMask = 2147483647;
			files = (
				F9CECEE72CB7D0AC003B6388 /* Theme.swift in Sources */,
				F9CECEDB2CB7CADA003B6388 /* AuthViewModel.swift in Sources */,
				F9CECEE42CB7CC18003B6388 /* MapView.swift in Sources */,
				F9CECEE02CB7CB96003B6388 /* MainView.swift in Sources */,
				F9CECEAD2CB7C88C003B6388 /* LoginApp.swift in Sources */,
				F9CECEDE2CB7CB60003B6388 /* LoginView.swift in Sources */,
				F9CECEE22CB7CBC7003B6388 /* SignupView.swift in Sources */,
				F9CECED82CB7CA7A003B6388 /* User.swift in Sources */,
			);
			runOnlyForDeploymentPostprocessing = 0;
		};
		F9CECEB52CB7C88D003B6388 /* Sources */ = {
			isa = PBXSourcesBuildPhase;
			buildActionMask = 2147483647;
			files = (
				F9CECEBE2CB7C88D003B6388 /* LoginTests.swift in Sources */,
			);
			runOnlyForDeploymentPostprocessing = 0;
		};
		F9CECEBF2CB7C88D003B6388 /* Sources */ = {
			isa = PBXSourcesBuildPhase;
			buildActionMask = 2147483647;
			files = (
				F9CECECA2CB7C88D003B6388 /* LoginUITestsLaunchTests.swift in Sources */,
				F9CECEC82CB7C88D003B6388 /* LoginUITests.swift in Sources */,
			);
			runOnlyForDeploymentPostprocessing = 0;
		};
/* End PBXSourcesBuildPhase section */

/* Begin PBXTargetDependency section */
		F9CECEBB2CB7C88D003B6388 /* PBXTargetDependency */ = {
			isa = PBXTargetDependency;
			target = F9CECEA82CB7C88C003B6388 /* Login */;
			targetProxy = F9CECEBA2CB7C88D003B6388 /* PBXContainerItemProxy */;
		};
		F9CECEC52CB7C88D003B6388 /* PBXTargetDependency */ = {
			isa = PBXTargetDependency;
			target = F9CECEA82CB7C88C003B6388 /* Login */;
			targetProxy = F9CECEC42CB7C88D003B6388 /* PBXContainerItemProxy */;
		};
/* End PBXTargetDependency section */

/* Begin XCBuildConfiguration section */
		F9CECECB2CB7C88D003B6388 /* Debug */ = {
			isa = XCBuildConfiguration;
			buildSettings = {
				ALWAYS_SEARCH_USER_PATHS = NO;
				ASSETCATALOG_COMPILER_GENERATE_SWIFT_ASSET_SYMBOL_EXTENSIONS = YES;
				CLANG_ANALYZER_NONNULL = YES;
				CLANG_ANALYZER_NUMBER_OBJECT_CONVERSION = YES_AGGRESSIVE;
				CLANG_CXX_LANGUAGE_STANDARD = "gnu++20";
				CLANG_ENABLE_MODULES = YES;
				CLANG_ENABLE_OBJC_ARC = YES;
				CLANG_ENABLE_OBJC_WEAK = YES;
				CLANG_WARN_BLOCK_CAPTURE_AUTORELEASING = YES;
				CLANG_WARN_BOOL_CONVERSION = YES;
				CLANG_WARN_COMMA = YES;
				CLANG_WARN_CONSTANT_CONVERSION = YES;
				CLANG_WARN_DEPRECATED_OBJC_IMPLEMENTATIONS = YES;
				CLANG_WARN_DIRECT_OBJC_ISA_USAGE = YES_ERROR;
				CLANG_WARN_DOCUMENTATION_COMMENTS = YES;
				CLANG_WARN_EMPTY_BODY = YES;
				CLANG_WARN_ENUM_CONVERSION = YES;
				CLANG_WARN_INFINITE_RECURSION = YES;
				CLANG_WARN_INT_CONVERSION = YES;
				CLANG_WARN_NON_LITERAL_NULL_CONVERSION = YES;
				CLANG_WARN_OBJC_IMPLICIT_RETAIN_SELF = YES;
				CLANG_WARN_OBJC_LITERAL_CONVERSION = YES;
				CLANG_WARN_OBJC_ROOT_CLASS = YES_ERROR;
				CLANG_WARN_QUOTED_INCLUDE_IN_FRAMEWORK_HEADER = YES;
				CLANG_WARN_RANGE_LOOP_ANALYSIS = YES;
				CLANG_WARN_STRICT_PROTOTYPES = YES;
				CLANG_WARN_SUSPICIOUS_MOVE = YES;
				CLANG_WARN_UNGUARDED_AVAILABILITY = YES_AGGRESSIVE;
				CLANG_WARN_UNREACHABLE_CODE = YES;
				CLANG_WARN__DUPLICATE_METHOD_MATCH = YES;
				COPY_PHASE_STRIP = NO;
				DEBUG_INFORMATION_FORMAT = dwarf;
				ENABLE_STRICT_OBJC_MSGSEND = YES;
				ENABLE_TESTABILITY = YES;
				ENABLE_USER_SCRIPT_SANDBOXING = YES;
				GCC_C_LANGUAGE_STANDARD = gnu17;
				GCC_DYNAMIC_NO_PIC = NO;
				GCC_NO_COMMON_BLOCKS = YES;
				GCC_OPTIMIZATION_LEVEL = 0;
				GCC_PREPROCESSOR_DEFINITIONS = (
					"DEBUG=1",
					"$(inherited)",
				);
				GCC_WARN_64_TO_32_BIT_CONVERSION = YES;
				GCC_WARN_ABOUT_RETURN_TYPE = YES_ERROR;
				GCC_WARN_UNDECLARED_SELECTOR = YES;
				GCC_WARN_UNINITIALIZED_AUTOS = YES_AGGRESSIVE;
				GCC_WARN_UNUSED_FUNCTION = YES;
				GCC_WARN_UNUSED_VARIABLE = YES;
				IPHONEOS_DEPLOYMENT_TARGET = 17.5;
				LOCALIZATION_PREFERS_STRING_CATALOGS = YES;
				MTL_ENABLE_DEBUG_INFO = INCLUDE_SOURCE;
				MTL_FAST_MATH = YES;
				ONLY_ACTIVE_ARCH = YES;
				SDKROOT = iphoneos;
				SWIFT_ACTIVE_COMPILATION_CONDITIONS = "DEBUG $(inherited)";
				SWIFT_OPTIMIZATION_LEVEL = "-Onone";
			};
			name = Debug;
		};
		F9CECECC2CB7C88D003B6388 /* Release */ = {
			isa = XCBuildConfiguration;
			buildSettings = {
				ALWAYS_SEARCH_USER_PATHS = NO;
				ASSETCATALOG_COMPILER_GENERATE_SWIFT_ASSET_SYMBOL_EXTENSIONS = YES;
				CLANG_ANALYZER_NONNULL = YES;
				CLANG_ANALYZER_NUMBER_OBJECT_CONVERSION = YES_AGGRESSIVE;
				CLANG_CXX_LANGUAGE_STANDARD = "gnu++20";
				CLANG_ENABLE_MODULES = YES;
				CLANG_ENABLE_OBJC_ARC = YES;
				CLANG_ENABLE_OBJC_WEAK = YES;
				CLANG_WARN_BLOCK_CAPTURE_AUTORELEASING = YES;
				CLANG_WARN_BOOL_CONVERSION = YES;
				CLANG_WARN_COMMA = YES;
				CLANG_WARN_CONSTANT_CONVERSION = YES;
				CLANG_WARN_DEPRECATED_OBJC_IMPLEMENTATIONS = YES;
				CLANG_WARN_DIRECT_OBJC_ISA_USAGE = YES_ERROR;
				CLANG_WARN_DOCUMENTATION_COMMENTS = YES;
				CLANG_WARN_EMPTY_BODY = YES;
				CLANG_WARN_ENUM_CONVERSION = YES;
				CLANG_WARN_INFINITE_RECURSION = YES;
				CLANG_WARN_INT_CONVERSION = YES;
				CLANG_WARN_NON_LITERAL_NULL_CONVERSION = YES;
				CLANG_WARN_OBJC_IMPLICIT_RETAIN_SELF = YES;
				CLANG_WARN_OBJC_LITERAL_CONVERSION = YES;
				CLANG_WARN_OBJC_ROOT_CLASS = YES_ERROR;
				CLANG_WARN_QUOTED_INCLUDE_IN_FRAMEWORK_HEADER = YES;
				CLANG_WARN_RANGE_LOOP_ANALYSIS = YES;
				CLANG_WARN_STRICT_PROTOTYPES = YES;
				CLANG_WARN_SUSPICIOUS_MOVE = YES;
				CLANG_WARN_UNGUARDED_AVAILABILITY = YES_AGGRESSIVE;
				CLANG_WARN_UNREACHABLE_CODE = YES;
				CLANG_WARN__DUPLICATE_METHOD_MATCH = YES;
				COPY_PHASE_STRIP = NO;
				DEBUG_INFORMATION_FORMAT = "dwarf-with-dsym";
				ENABLE_NS_ASSERTIONS = NO;
				ENABLE_STRICT_OBJC_MSGSEND = YES;
				ENABLE_USER_SCRIPT_SANDBOXING = YES;
				GCC_C_LANGUAGE_STANDARD = gnu17;
				GCC_NO_COMMON_BLOCKS = YES;
				GCC_WARN_64_TO_32_BIT_CONVERSION = YES;
				GCC_WARN_ABOUT_RETURN_TYPE = YES_ERROR;
				GCC_WARN_UNDECLARED_SELECTOR = YES;
				GCC_WARN_UNINITIALIZED_AUTOS = YES_AGGRESSIVE;
				GCC_WARN_UNUSED_FUNCTION = YES;
				GCC_WARN_UNUSED_VARIABLE = YES;
				IPHONEOS_DEPLOYMENT_TARGET = 17.5;
				LOCALIZATION_PREFERS_STRING_CATALOGS = YES;
				MTL_ENABLE_DEBUG_INFO = NO;
				MTL_FAST_MATH = YES;
				SDKROOT = iphoneos;
				SWIFT_COMPILATION_MODE = wholemodule;
				VALIDATE_PRODUCT = YES;
			};
			name = Release;
		};
		F9CECECE2CB7C88D003B6388 /* Debug */ = {
			isa = XCBuildConfiguration;
			buildSettings = {
				ASSETCATALOG_COMPILER_APPICON_NAME = AppIcon;
				ASSETCATALOG_COMPILER_GLOBAL_ACCENT_COLOR_NAME = AccentColor;
				CODE_SIGN_STYLE = Automatic;
				CURRENT_PROJECT_VERSION = 1;
				DEVELOPMENT_ASSET_PATHS = "\"Login/Preview Content\"";
				ENABLE_PREVIEWS = YES;
				GENERATE_INFOPLIST_FILE = YES;
				INFOPLIST_KEY_UIApplicationSceneManifest_Generation = YES;
				INFOPLIST_KEY_UIApplicationSupportsIndirectInputEvents = YES;
				INFOPLIST_KEY_UILaunchScreen_Generation = YES;
				INFOPLIST_KEY_UISupportedInterfaceOrientations_iPad = "UIInterfaceOrientationPortrait UIInterfaceOrientationPortraitUpsideDown UIInterfaceOrientationLandscapeLeft UIInterfaceOrientationLandscapeRight";
				INFOPLIST_KEY_UISupportedInterfaceOrientations_iPhone = "UIInterfaceOrientationPortrait UIInterfaceOrientationLandscapeLeft UIInterfaceOrientationLandscapeRight";
				LD_RUNPATH_SEARCH_PATHS = (
					"$(inherited)",
					"@executable_path/Frameworks",
				);
				MARKETING_VERSION = 1.0;
				PRODUCT_BUNDLE_IDENTIFIER = org.austin.Login;
				PRODUCT_NAME = "$(TARGET_NAME)";
				SWIFT_EMIT_LOC_STRINGS = YES;
				SWIFT_VERSION = 5.0;
				TARGETED_DEVICE_FAMILY = "1,2";
			};
			name = Debug;
		};
		F9CECECF2CB7C88D003B6388 /* Release */ = {
			isa = XCBuildConfiguration;
			buildSettings = {
				ASSETCATALOG_COMPILER_APPICON_NAME = AppIcon;
				ASSETCATALOG_COMPILER_GLOBAL_ACCENT_COLOR_NAME = AccentColor;
				CODE_SIGN_STYLE = Automatic;
				CURRENT_PROJECT_VERSION = 1;
				DEVELOPMENT_ASSET_PATHS = "\"Login/Preview Content\"";
				ENABLE_PREVIEWS = YES;
				GENERATE_INFOPLIST_FILE = YES;
				INFOPLIST_KEY_UIApplicationSceneManifest_Generation = YES;
				INFOPLIST_KEY_UIApplicationSupportsIndirectInputEvents = YES;
				INFOPLIST_KEY_UILaunchScreen_Generation = YES;
				INFOPLIST_KEY_UISupportedInterfaceOrientations_iPad = "UIInterfaceOrientationPortrait UIInterfaceOrientationPortraitUpsideDown UIInterfaceOrientationLandscapeLeft UIInterfaceOrientationLandscapeRight";
				INFOPLIST_KEY_UISupportedInterfaceOrientations_iPhone = "UIInterfaceOrientationPortrait UIInterfaceOrientationLandscapeLeft UIInterfaceOrientationLandscapeRight";
				LD_RUNPATH_SEARCH_PATHS = (
					"$(inherited)",
					"@executable_path/Frameworks",
				);
				MARKETING_VERSION = 1.0;
				PRODUCT_BUNDLE_IDENTIFIER = org.austin.Login;
				PRODUCT_NAME = "$(TARGET_NAME)";
				SWIFT_EMIT_LOC_STRINGS = YES;
				SWIFT_VERSION = 5.0;
				TARGETED_DEVICE_FAMILY = "1,2";
			};
			name = Release;
		};
		F9CECED12CB7C88D003B6388 /* Debug */ = {
			isa = XCBuildConfiguration;
			buildSettings = {
				ALWAYS_EMBED_SWIFT_STANDARD_LIBRARIES = YES;
				BUNDLE_LOADER = "$(TEST_HOST)";
				CODE_SIGN_STYLE = Automatic;
				CURRENT_PROJECT_VERSION = 1;
				GENERATE_INFOPLIST_FILE = YES;
				IPHONEOS_DEPLOYMENT_TARGET = 17.5;
				MARKETING_VERSION = 1.0;
				PRODUCT_BUNDLE_IDENTIFIER = org.austin.LoginTests;
				PRODUCT_NAME = "$(TARGET_NAME)";
				SWIFT_EMIT_LOC_STRINGS = NO;
				SWIFT_VERSION = 5.0;
				TARGETED_DEVICE_FAMILY = "1,2";
				TEST_HOST = "$(BUILT_PRODUCTS_DIR)/Login.app/$(BUNDLE_EXECUTABLE_FOLDER_PATH)/Login";
			};
			name = Debug;
		};
		F9CECED22CB7C88D003B6388 /* Release */ = {
			isa = XCBuildConfiguration;
			buildSettings = {
				ALWAYS_EMBED_SWIFT_STANDARD_LIBRARIES = YES;
				BUNDLE_LOADER = "$(TEST_HOST)";
				CODE_SIGN_STYLE = Automatic;
				CURRENT_PROJECT_VERSION = 1;
				GENERATE_INFOPLIST_FILE = YES;
				IPHONEOS_DEPLOYMENT_TARGET = 17.5;
				MARKETING_VERSION = 1.0;
				PRODUCT_BUNDLE_IDENTIFIER = org.austin.LoginTests;
				PRODUCT_NAME = "$(TARGET_NAME)";
				SWIFT_EMIT_LOC_STRINGS = NO;
				SWIFT_VERSION = 5.0;
				TARGETED_DEVICE_FAMILY = "1,2";
				TEST_HOST = "$(BUILT_PRODUCTS_DIR)/Login.app/$(BUNDLE_EXECUTABLE_FOLDER_PATH)/Login";
			};
			name = Release;
		};
		F9CECED42CB7C88D003B6388 /* Debug */ = {
			isa = XCBuildConfiguration;
			buildSettings = {
				ALWAYS_EMBED_SWIFT_STANDARD_LIBRARIES = YES;
				CODE_SIGN_STYLE = Automatic;
				CURRENT_PROJECT_VERSION = 1;
				GENERATE_INFOPLIST_FILE = YES;
				MARKETING_VERSION = 1.0;
				PRODUCT_BUNDLE_IDENTIFIER = org.austin.LoginUITests;
				PRODUCT_NAME = "$(TARGET_NAME)";
				SWIFT_EMIT_LOC_STRINGS = NO;
				SWIFT_VERSION = 5.0;
				TARGETED_DEVICE_FAMILY = "1,2";
				TEST_TARGET_NAME = Login;
			};
			name = Debug;
		};
		F9CECED52CB7C88D003B6388 /* Release */ = {
			isa = XCBuildConfiguration;
			buildSettings = {
				ALWAYS_EMBED_SWIFT_STANDARD_LIBRARIES = YES;
				CODE_SIGN_STYLE = Automatic;
				CURRENT_PROJECT_VERSION = 1;
				GENERATE_INFOPLIST_FILE = YES;
				MARKETING_VERSION = 1.0;
				PRODUCT_BUNDLE_IDENTIFIER = org.austin.LoginUITests;
				PRODUCT_NAME = "$(TARGET_NAME)";
				SWIFT_EMIT_LOC_STRINGS = NO;
				SWIFT_VERSION = 5.0;
				TARGETED_DEVICE_FAMILY = "1,2";
				TEST_TARGET_NAME = Login;
			};
			name = Release;
		};
/* End XCBuildConfiguration section */

/* Begin XCConfigurationList section */
		F9CECEA42CB7C88C003B6388 /* Build configuration list for PBXProject "Login" */ = {
			isa = XCConfigurationList;
			buildConfigurations = (
				F9CECECB2CB7C88D003B6388 /* Debug */,
				F9CECECC2CB7C88D003B6388 /* Release */,
			);
			defaultConfigurationIsVisible = 0;
			defaultConfigurationName = Release;
		};
		F9CECECD2CB7C88D003B6388 /* Build configuration list for PBXNativeTarget "Login" */ = {
			isa = XCConfigurationList;
			buildConfigurations = (
				F9CECECE2CB7C88D003B6388 /* Debug */,
				F9CECECF2CB7C88D003B6388 /* Release */,
			);
			defaultConfigurationIsVisible = 0;
			defaultConfigurationName = Release;
		};
		F9CECED02CB7C88D003B6388 /* Build configuration list for PBXNativeTarget "LoginTests" */ = {
			isa = XCConfigurationList;
			buildConfigurations = (
				F9CECED12CB7C88D003B6388 /* Debug */,
				F9CECED22CB7C88D003B6388 /* Release */,
			);
			defaultConfigurationIsVisible = 0;
			defaultConfigurationName = Release;
		};
		F9CECED32CB7C88D003B6388 /* Build configuration list for PBXNativeTarget "LoginUITests" */ = {
			isa = XCConfigurationList;
			buildConfigurations = (
				F9CECED42CB7C88D003B6388 /* Debug */,
				F9CECED52CB7C88D003B6388 /* Release */,
			);
			defaultConfigurationIsVisible = 0;
			defaultConfigurationName = Release;
		};
/* End XCConfigurationList section */
	};
	rootObject = F9CECEA12CB7C88C003B6388 /* Project object */;
}
